{
  "requires": true,
  "lockfileVersion": 1,
  "dependencies": {
    "calendarpickerjs": {
      "version": "1.3.0",
      "resolved": "https://registry.npmjs.org/calendarpickerjs/-/calendarpickerjs-1.3.0.tgz",
      "integrity": "sha512-BL3b9McgeFhXurmT84Nt6RpmVRAmsi2HPzsaNweU4VpcQMT6ZW2vI3pJPiuL4YVmr2QrMq9980q0c4SExC9P2w=="
    },
    "mdbootstrap": {
      "version": "4.19.1",
      "resolved": "https://registry.npmjs.org/mdbootstrap/-/mdbootstrap-4.19.1.tgz",
      "integrity": "sha512-vzYd7UQ0H1tyJfDqCYwsAv+sxol/xRkJP/5FMhcdW3ZbN9xUnmWiSPHx3A6ddGxdOQbfJTWxT3G8M+I++Qdk6w=="
    },
    "pickerjs": {
      "version": "1.2.1",
      "resolved": "https://registry.npmjs.org/pickerjs/-/pickerjs-1.2.1.tgz",
      "integrity": "sha512-tGsSQiqaEm3fKyqCvyykxVpKPlHtJXNOgN62OEXH4kQtxeMwwTfqAvSUj4hE2BrAEs4VpSG3zH4Tmd0K0WFqmg=="
    }
  }
}
